// !$*UTF8*$!
{
	archiveVersion = 1;
	classes = {
	};
	objectVersion = 55;
	objects = {

/* Begin PBXBuildFile section */
		6DA530C7285D7BAD0068192A /* AppDelegate.swift in Sources */ = {isa = PBXBuildFile; fileRef = 6DA530C6285D7BAD0068192A /* AppDelegate.swift */; };
		6DA530C9285D7BAD0068192A /* SceneDelegate.swift in Sources */ = {isa = PBXBuildFile; fileRef = 6DA530C8285D7BAD0068192A /* SceneDelegate.swift */; };
		6DA530CB285D7BAD0068192A /* ViewController.swift in Sources */ = {isa = PBXBuildFile; fileRef = 6DA530CA285D7BAD0068192A /* ViewController.swift */; };
		6DA530D1285D7BAD0068192A /* Onboarding.xcdatamodeld in Sources */ = {isa = PBXBuildFile; fileRef = 6DA530CF285D7BAD0068192A /* Onboarding.xcdatamodeld */; };
		6DA530D3285D7BAE0068192A /* Assets.xcassets in Resources */ = {isa = PBXBuildFile; fileRef = 6DA530D2285D7BAE0068192A /* Assets.xcassets */; };
		6DA530D6285D7BAE0068192A /* LaunchScreen.storyboard in Resources */ = {isa = PBXBuildFile; fileRef = 6DA530D4285D7BAE0068192A /* LaunchScreen.storyboard */; };
		6DA530E1285D7BAE0068192A /* OnboardingTests.swift in Sources */ = {isa = PBXBuildFile; fileRef = 6DA530E0285D7BAE0068192A /* OnboardingTests.swift */; };
		6DA530EB285D7BAE0068192A /* OnboardingUITests.swift in Sources */ = {isa = PBXBuildFile; fileRef = 6DA530EA285D7BAE0068192A /* OnboardingUITests.swift */; };
		6DA530ED285D7BAE0068192A /* OnboardingUITestsLaunchTests.swift in Sources */ = {isa = PBXBuildFile; fileRef = 6DA530EC285D7BAE0068192A /* OnboardingUITestsLaunchTests.swift */; };
/* End PBXBuildFile section */

/* Begin PBXContainerItemProxy section */
		6DA530DD285D7BAE0068192A /* PBXContainerItemProxy */ = {
			isa = PBXContainerItemProxy;
			containerPortal = 6DA530BB285D7BAD0068192A /* Project object */;
			proxyType = 1;
			remoteGlobalIDString = 6DA530C2285D7BAD0068192A;
			remoteInfo = Onboarding;
		};
		6DA530E7285D7BAE0068192A /* PBXContainerItemProxy */ = {
			isa = PBXContainerItemProxy;
			containerPortal = 6DA530BB285D7BAD0068192A /* Project object */;
			proxyType = 1;
			remoteGlobalIDString = 6DA530C2285D7BAD0068192A;
			remoteInfo = Onboarding;
		};
/* End PBXContainerItemProxy section */

/* Begin PBXFileReference section */
		6DA530C3285D7BAD0068192A /* Onboarding.app */ = {isa = PBXFileReference; explicitFileType = wrapper.application; includeInIndex = 0; path = Onboarding.app; sourceTree = BUILT_PRODUCTS_DIR; };
		6DA530C6285D7BAD0068192A /* AppDelegate.swift */ = {isa = PBXFileReference; lastKnownFileType = sourcecode.swift; path = AppDelegate.swift; sourceTree = "<group>"; };
		6DA530C8285D7BAD0068192A /* SceneDelegate.swift */ = {isa = PBXFileReference; lastKnownFileType = sourcecode.swift; path = SceneDelegate.swift; sourceTree = "<group>"; };
		6DA530CA285D7BAD0068192A /* ViewController.swift */ = {isa = PBXFileReference; lastKnownFileType = sourcecode.swift; path = ViewController.swift; sourceTree = "<group>"; };
		6DA530D0285D7BAD0068192A /* Onboarding.xcdatamodel */ = {isa = PBXFileReference; lastKnownFileType = wrapper.xcdatamodel; path = Onboarding.xcdatamodel; sourceTree = "<group>"; };
		6DA530D2285D7BAE0068192A /* Assets.xcassets */ = {isa = PBXFileReference; lastKnownFileType = folder.assetcatalog; path = Assets.xcassets; sourceTree = "<group>"; };
		6DA530D5285D7BAE0068192A /* Base */ = {isa = PBXFileReference; lastKnownFileType = file.storyboard; name = Base; path = Base.lproj/LaunchScreen.storyboard; sourceTree = "<group>"; };
		6DA530D7285D7BAE0068192A /* Info.plist */ = {isa = PBXFileReference; lastKnownFileType = text.plist.xml; path = Info.plist; sourceTree = "<group>"; };
		6DA530DC285D7BAE0068192A /* OnboardingTests.xctest */ = {isa = PBXFileReference; explicitFileType = wrapper.cfbundle; includeInIndex = 0; path = OnboardingTests.xctest; sourceTree = BUILT_PRODUCTS_DIR; };
		6DA530E0285D7BAE0068192A /* OnboardingTests.swift */ = {isa = PBXFileReference; lastKnownFileType = sourcecode.swift; path = OnboardingTests.swift; sourceTree = "<group>"; };
		6DA530E6285D7BAE0068192A /* OnboardingUITests.xctest */ = {isa = PBXFileReference; explicitFileType = wrapper.cfbundle; includeInIndex = 0; path = OnboardingUITests.xctest; sourceTree = BUILT_PRODUCTS_DIR; };
		6DA530EA285D7BAE0068192A /* OnboardingUITests.swift */ = {isa = PBXFileReference; lastKnownFileType = sourcecode.swift; path = OnboardingUITests.swift; sourceTree = "<group>"; };
		6DA530EC285D7BAE0068192A /* OnboardingUITestsLaunchTests.swift */ = {isa = PBXFileReference; lastKnownFileType = sourcecode.swift; path = OnboardingUITestsLaunchTests.swift; sourceTree = "<group>"; };
/* End PBXFileReference section */

/* Begin PBXFrameworksBuildPhase section */
		6DA530C0285D7BAD0068192A /* Frameworks */ = {
			isa = PBXFrameworksBuildPhase;
			buildActionMask = 2147483647;
			files = (
			);
			runOnlyForDeploymentPostprocessing = 0;
		};
		6DA530D9285D7BAE0068192A /* Frameworks */ = {
			isa = PBXFrameworksBuildPhase;
			buildActionMask = 2147483647;
			files = (
			);
			runOnlyForDeploymentPostprocessing = 0;
		};
		6DA530E3285D7BAE0068192A /* Frameworks */ = {
			isa = PBXFrameworksBuildPhase;
			buildActionMask = 2147483647;
			files = (
			);
			runOnlyForDeploymentPostprocessing = 0;
		};
/* End PBXFrameworksBuildPhase section */

/* Begin PBXGroup section */
		6DA530BA285D7BAD0068192A = {
			isa = PBXGroup;
			children = (
				6DA530C5285D7BAD0068192A /* Onboarding */,
				6DA530DF285D7BAE0068192A /* OnboardingTests */,
				6DA530E9285D7BAE0068192A /* OnboardingUITests */,
				6DA530C4285D7BAD0068192A /* Products */,
			);
			sourceTree = "<group>";
		};
		6DA530C4285D7BAD0068192A /* Products */ = {
			isa = PBXGroup;
			children = (
				6DA530C3285D7BAD0068192A /* Onboarding.app */,
				6DA530DC285D7BAE0068192A /* OnboardingTests.xctest */,
				6DA530E6285D7BAE0068192A /* OnboardingUITests.xctest */,
			);
			name = Products;
			sourceTree = "<group>";
		};
		6DA530C5285D7BAD0068192A /* Onboarding */ = {
			isa = PBXGroup;
			children = (
				6DA530C6285D7BAD0068192A /* AppDelegate.swift */,
				6DA530C8285D7BAD0068192A /* SceneDelegate.swift */,
				6DA530CA285D7BAD0068192A /* ViewController.swift */,
				6DA530D2285D7BAE0068192A /* Assets.xcassets */,
				6DA530D4285D7BAE0068192A /* LaunchScreen.storyboard */,
				6DA530D7285D7BAE0068192A /* Info.plist */,
				6DA530CF285D7BAD0068192A /* Onboarding.xcdatamodeld */,
			);
			path = Onboarding;
			sourceTree = "<group>";
		};
		6DA530DF285D7BAE0068192A /* OnboardingTests */ = {
			isa = PBXGroup;
			children = (
				6DA530E0285D7BAE0068192A /* OnboardingTests.swift */,
			);
			path = OnboardingTests;
			sourceTree = "<group>";
		};
		6DA530E9285D7BAE0068192A /* OnboardingUITests */ = {
			isa = PBXGroup;
			children = (
				6DA530EA285D7BAE0068192A /* OnboardingUITests.swift */,
				6DA530EC285D7BAE0068192A /* OnboardingUITestsLaunchTests.swift */,
			);
			path = OnboardingUITests;
			sourceTree = "<group>";
		};
/* End PBXGroup section */

/* Begin PBXNativeTarget section */
		6DA530C2285D7BAD0068192A /* Onboarding */ = {
			isa = PBXNativeTarget;
			buildConfigurationList = 6DA530F0285D7BAE0068192A /* Build configuration list for PBXNativeTarget "Onboarding" */;
			buildPhases = (
				6DA530BF285D7BAD0068192A /* Sources */,
				6DA530C0285D7BAD0068192A /* Frameworks */,
				6DA530C1285D7BAD0068192A /* Resources */,
			);
			buildRules = (
			);
			dependencies = (
			);
			name = Onboarding;
			productName = Onboarding;
			productReference = 6DA530C3285D7BAD0068192A /* Onboarding.app */;
			productType = "com.apple.product-type.application";
		};
		6DA530DB285D7BAE0068192A /* OnboardingTests */ = {
			isa = PBXNativeTarget;
			buildConfigurationList = 6DA530F3285D7BAE0068192A /* Build configuration list for PBXNativeTarget "OnboardingTests" */;
			buildPhases = (
				6DA530D8285D7BAE0068192A /* Sources */,
				6DA530D9285D7BAE0068192A /* Frameworks */,
				6DA530DA285D7BAE0068192A /* Resources */,
			);
			buildRules = (
			);
			dependencies = (
				6DA530DE285D7BAE0068192A /* PBXTargetDependency */,
			);
			name = OnboardingTests;
			productName = OnboardingTests;
			productReference = 6DA530DC285D7BAE0068192A /* OnboardingTests.xctest */;
			productType = "com.apple.product-type.bundle.unit-test";
		};
		6DA530E5285D7BAE0068192A /* OnboardingUITests */ = {
			isa = PBXNativeTarget;
			buildConfigurationList = 6DA530F6285D7BAE0068192A /* Build configuration list for PBXNativeTarget "OnboardingUITests" */;
			buildPhases = (
				6DA530E2285D7BAE0068192A /* Sources */,
				6DA530E3285D7BAE0068192A /* Frameworks */,
				6DA530E4285D7BAE0068192A /* Resources */,
			);
			buildRules = (
			);
			dependencies = (
				6DA530E8285D7BAE0068192A /* PBXTargetDependency */,
			);
			name = OnboardingUITests;
			productName = OnboardingUITests;
			productReference = 6DA530E6285D7BAE0068192A /* OnboardingUITests.xctest */;
			productType = "com.apple.product-type.bundle.ui-testing";
		};
/* End PBXNativeTarget section */

/* Begin PBXProject section */
		6DA530BB285D7BAD0068192A /* Project object */ = {
			isa = PBXProject;
			attributes = {
				BuildIndependentTargetsInParallel = 1;
				LastSwiftUpdateCheck = 1340;
				LastUpgradeCheck = 1340;
				TargetAttributes = {
					6DA530C2285D7BAD0068192A = {
						CreatedOnToolsVersion = 13.4.1;
					};
					6DA530DB285D7BAE0068192A = {
						CreatedOnToolsVersion = 13.4.1;
						TestTargetID = 6DA530C2285D7BAD0068192A;
					};
					6DA530E5285D7BAE0068192A = {
						CreatedOnToolsVersion = 13.4.1;
						TestTargetID = 6DA530C2285D7BAD0068192A;
					};
				};
			};
			buildConfigurationList = 6DA530BE285D7BAD0068192A /* Build configuration list for PBXProject "Onboarding" */;
			compatibilityVersion = "Xcode 13.0";
			developmentRegion = en;
			hasScannedForEncodings = 0;
			knownRegions = (
				en,
				Base,
			);
			mainGroup = 6DA530BA285D7BAD0068192A;
			productRefGroup = 6DA530C4285D7BAD0068192A /* Products */;
			projectDirPath = "";
			projectRoot = "";
			targets = (
				6DA530C2285D7BAD0068192A /* Onboarding */,
				6DA530DB285D7BAE0068192A /* OnboardingTests */,
				6DA530E5285D7BAE0068192A /* OnboardingUITests */,
			);
		};
/* End PBXProject section */

/* Begin PBXResourcesBuildPhase section */
		6DA530C1285D7BAD0068192A /* Resources */ = {
			isa = PBXResourcesBuildPhase;
			buildActionMask = 2147483647;
			files = (
				6DA530D6285D7BAE0068192A /* LaunchScreen.storyboard in Resources */,
				6DA530D3285D7BAE0068192A /* Assets.xcassets in Resources */,
			);
			runOnlyForDeploymentPostprocessing = 0;
		};
		6DA530DA285D7BAE0068192A /* Resources */ = {
			isa = PBXResourcesBuildPhase;
			buildActionMask = 2147483647;
			files = (
			);
			runOnlyForDeploymentPostprocessing = 0;
		};
		6DA530E4285D7BAE0068192A /* Resources */ = {
			isa = PBXResourcesBuildPhase;
			buildActionMask = 2147483647;
			files = (
			);
			runOnlyForDeploymentPostprocessing = 0;
		};
/* End PBXResourcesBuildPhase section */

/* Begin PBXSourcesBuildPhase section */
		6DA530BF285D7BAD0068192A /* Sources */ = {
			isa = PBXSourcesBuildPhase;
			buildActionMask = 2147483647;
			files = (
				6DA530CB285D7BAD0068192A /* ViewController.swift in Sources */,
				6DA530C7285D7BAD0068192A /* AppDelegate.swift in Sources */,
				6DA530D1285D7BAD0068192A /* Onboarding.xcdatamodeld in Sources */,
				6DA530C9285D7BAD0068192A /* SceneDelegate.swift in Sources */,
			);
			runOnlyForDeploymentPostprocessing = 0;
		};
		6DA530D8285D7BAE0068192A /* Sources */ = {
			isa = PBXSourcesBuildPhase;
			buildActionMask = 2147483647;
			files = (
				6DA530E1285D7BAE0068192A /* OnboardingTests.swift in Sources */,
			);
			runOnlyForDeploymentPostprocessing = 0;
		};
		6DA530E2285D7BAE0068192A /* Sources */ = {
			isa = PBXSourcesBuildPhase;
			buildActionMask = 2147483647;
			files = (
				6DA530EB285D7BAE0068192A /* OnboardingUITests.swift in Sources */,
				6DA530ED285D7BAE0068192A /* OnboardingUITestsLaunchTests.swift in Sources */,
			);
			runOnlyForDeploymentPostprocessing = 0;
		};
/* End PBXSourcesBuildPhase section */

/* Begin PBXTargetDependency section */
		6DA530DE285D7BAE0068192A /* PBXTargetDependency */ = {
			isa = PBXTargetDependency;
			target = 6DA530C2285D7BAD0068192A /* Onboarding */;
			targetProxy = 6DA530DD285D7BAE0068192A /* PBXContainerItemProxy */;
		};
		6DA530E8285D7BAE0068192A /* PBXTargetDependency */ = {
			isa = PBXTargetDependency;
			target = 6DA530C2285D7BAD0068192A /* Onboarding */;
			targetProxy = 6DA530E7285D7BAE0068192A /* PBXContainerItemProxy */;
		};
/* End PBXTargetDependency section */

/* Begin PBXVariantGroup section */
		6DA530D4285D7BAE0068192A /* LaunchScreen.storyboard */ = {
			isa = PBXVariantGroup;
			children = (
				6DA530D5285D7BAE0068192A /* Base */,
			);
			name = LaunchScreen.storyboard;
			sourceTree = "<group>";
		};
/* End PBXVariantGroup section */

/* Begin XCBuildConfiguration section */
		6DA530EE285D7BAE0068192A /* Debug */ = {
			isa = XCBuildConfiguration;
			buildSettings = {
				ALWAYS_SEARCH_USER_PATHS = NO;
				CLANG_ANALYZER_NONNULL = YES;
				CLANG_ANALYZER_NUMBER_OBJECT_CONVERSION = YES_AGGRESSIVE;
				CLANG_CXX_LANGUAGE_STANDARD = "gnu++17";
				CLANG_ENABLE_MODULES = YES;
				CLANG_ENABLE_OBJC_ARC = YES;
				CLANG_ENABLE_OBJC_WEAK = YES;
				CLANG_WARN_BLOCK_CAPTURE_AUTORELEASING = YES;
				CLANG_WARN_BOOL_CONVERSION = YES;
				CLANG_WARN_COMMA = YES;
				CLANG_WARN_CONSTANT_CONVERSION = YES;
				CLANG_WARN_DEPRECATED_OBJC_IMPLEMENTATIONS = YES;
				CLANG_WARN_DIRECT_OBJC_ISA_USAGE = YES_ERROR;
				CLANG_WARN_DOCUMENTATION_COMMENTS = YES;
				CLANG_WARN_EMPTY_BODY = YES;
				CLANG_WARN_ENUM_CONVERSION = YES;
				CLANG_WARN_INFINITE_RECURSION = YES;
				CLANG_WARN_INT_CONVERSION = YES;
				CLANG_WARN_NON_LITERAL_NULL_CONVERSION = YES;
				CLANG_WARN_OBJC_IMPLICIT_RETAIN_SELF = YES;
				CLANG_WARN_OBJC_LITERAL_CONVERSION = YES;
				CLANG_WARN_OBJC_ROOT_CLASS = YES_ERROR;
				CLANG_WARN_QUOTED_INCLUDE_IN_FRAMEWORK_HEADER = YES;
				CLANG_WARN_RANGE_LOOP_ANALYSIS = YES;
				CLANG_WARN_STRICT_PROTOTYPES = YES;
				CLANG_WARN_SUSPICIOUS_MOVE = YES;
				CLANG_WARN_UNGUARDED_AVAILABILITY = YES_AGGRESSIVE;
				CLANG_WARN_UNREACHABLE_CODE = YES;
				CLANG_WARN__DUPLICATE_METHOD_MATCH = YES;
				COPY_PHASE_STRIP = NO;
				DEBUG_INFORMATION_FORMAT = dwarf;
				ENABLE_STRICT_OBJC_MSGSEND = YES;
				ENABLE_TESTABILITY = YES;
				GCC_C_LANGUAGE_STANDARD = gnu11;
				GCC_DYNAMIC_NO_PIC = NO;
				GCC_NO_COMMON_BLOCKS = YES;
				GCC_OPTIMIZATION_LEVEL = 0;
				GCC_PREPROCESSOR_DEFINITIONS = (
					"DEBUG=1",
					"$(inherited)",
				);
				GCC_WARN_64_TO_32_BIT_CONVERSION = YES;
				GCC_WARN_ABOUT_RETURN_TYPE = YES_ERROR;
				GCC_WARN_UNDECLARED_SELECTOR = YES;
				GCC_WARN_UNINITIALIZED_AUTOS = YES_AGGRESSIVE;
				GCC_WARN_UNUSED_FUNCTION = YES;
				GCC_WARN_UNUSED_VARIABLE = YES;
				IPHONEOS_DEPLOYMENT_TARGET = 15.5;
				MTL_ENABLE_DEBUG_INFO = INCLUDE_SOURCE;
				MTL_FAST_MATH = YES;
				ONLY_ACTIVE_ARCH = YES;
				SDKROOT = iphoneos;
				SWIFT_ACTIVE_COMPILATION_CONDITIONS = DEBUG;
				SWIFT_OPTIMIZATION_LEVEL = "-Onone";
			};
			name = Debug;
		};
		6DA530EF285D7BAE0068192A /* Release */ = {
			isa = XCBuildConfiguration;
			buildSettings = {
				ALWAYS_SEARCH_USER_PATHS = NO;
				CLANG_ANALYZER_NONNULL = YES;
				CLANG_ANALYZER_NUMBER_OBJECT_CONVERSION = YES_AGGRESSIVE;
				CLANG_CXX_LANGUAGE_STANDARD = "gnu++17";
				CLANG_ENABLE_MODULES = YES;
				CLANG_ENABLE_OBJC_ARC = YES;
				CLANG_ENABLE_OBJC_WEAK = YES;
				CLANG_WARN_BLOCK_CAPTURE_AUTORELEASING = YES;
				CLANG_WARN_BOOL_CONVERSION = YES;
				CLANG_WARN_COMMA = YES;
				CLANG_WARN_CONSTANT_CONVERSION = YES;
				CLANG_WARN_DEPRECATED_OBJC_IMPLEMENTATIONS = YES;
				CLANG_WARN_DIRECT_OBJC_ISA_USAGE = YES_ERROR;
				CLANG_WARN_DOCUMENTATION_COMMENTS = YES;
				CLANG_WARN_EMPTY_BODY = YES;
				CLANG_WARN_ENUM_CONVERSION = YES;
				CLANG_WARN_INFINITE_RECURSION = YES;
				CLANG_WARN_INT_CONVERSION = YES;
				CLANG_WARN_NON_LITERAL_NULL_CONVERSION = YES;
				CLANG_WARN_OBJC_IMPLICIT_RETAIN_SELF = YES;
				CLANG_WARN_OBJC_LITERAL_CONVERSION = YES;
				CLANG_WARN_OBJC_ROOT_CLASS = YES_ERROR;
				CLANG_WARN_QUOTED_INCLUDE_IN_FRAMEWORK_HEADER = YES;
				CLANG_WARN_RANGE_LOOP_ANALYSIS = YES;
				CLANG_WARN_STRICT_PROTOTYPES = YES;
				CLANG_WARN_SUSPICIOUS_MOVE = YES;
				CLANG_WARN_UNGUARDED_AVAILABILITY = YES_AGGRESSIVE;
				CLANG_WARN_UNREACHABLE_CODE = YES;
				CLANG_WARN__DUPLICATE_METHOD_MATCH = YES;
				COPY_PHASE_STRIP = NO;
				DEBUG_INFORMATION_FORMAT = "dwarf-with-dsym";
				ENABLE_NS_ASSERTIONS = NO;
				ENABLE_STRICT_OBJC_MSGSEND = YES;
				GCC_C_LANGUAGE_STANDARD = gnu11;
				GCC_NO_COMMON_BLOCKS = YES;
				GCC_WARN_64_TO_32_BIT_CONVERSION = YES;
				GCC_WARN_ABOUT_RETURN_TYPE = YES_ERROR;
				GCC_WARN_UNDECLARED_SELECTOR = YES;
				GCC_WARN_UNINITIALIZED_AUTOS = YES_AGGRESSIVE;
				GCC_WARN_UNUSED_FUNCTION = YES;
				GCC_WARN_UNUSED_VARIABLE = YES;
				IPHONEOS_DEPLOYMENT_TARGET = 15.5;
				MTL_ENABLE_DEBUG_INFO = NO;
				MTL_FAST_MATH = YES;
				SDKROOT = iphoneos;
				SWIFT_COMPILATION_MODE = wholemodule;
				SWIFT_OPTIMIZATION_LEVEL = "-O";
				VALIDATE_PRODUCT = YES;
			};
			name = Release;
		};
		6DA530F1285D7BAE0068192A /* Debug */ = {
			isa = XCBuildConfiguration;
			buildSettings = {
				ASSETCATALOG_COMPILER_APPICON_NAME = AppIcon;
				ASSETCATALOG_COMPILER_GLOBAL_ACCENT_COLOR_NAME = AccentColor;
				CODE_SIGN_STYLE = Automatic;
				CURRENT_PROJECT_VERSION = 1;
				GENERATE_INFOPLIST_FILE = YES;
				INFOPLIST_FILE = Onboarding/Info.plist;
				INFOPLIST_KEY_UIApplicationSupportsIndirectInputEvents = YES;
				INFOPLIST_KEY_UILaunchStoryboardName = LaunchScreen;
				INFOPLIST_KEY_UISupportedInterfaceOrientations_iPad = "UIInterfaceOrientationPortrait UIInterfaceOrientationPortraitUpsideDown UIInterfaceOrientationLandscapeLeft UIInterfaceOrientationLandscapeRight";
				INFOPLIST_KEY_UISupportedInterfaceOrientations_iPhone = "UIInterfaceOrientationPortrait UIInterfaceOrientationLandscapeLeft UIInterfaceOrientationLandscapeRight";
				LD_RUNPATH_SEARCH_PATHS = (
					"$(inherited)",
					"@executable_path/Frameworks",
				);
				MARKETING_VERSION = 1.0;
				PRODUCT_BUNDLE_IDENTIFIER = jesus.Onboarding;
				PRODUCT_NAME = "$(TARGET_NAME)";
				SWIFT_EMIT_LOC_STRINGS = YES;
				SWIFT_VERSION = 5.0;
				TARGETED_DEVICE_FAMILY = "1,2";
			};
			name = Debug;
		};
		6DA530F2285D7BAE0068192A /* Release */ = {
			isa = XCBuildConfiguration;
			buildSettings = {
				ASSETCATALOG_COMPILER_APPICON_NAME = AppIcon;
				ASSETCATALOG_COMPILER_GLOBAL_ACCENT_COLOR_NAME = AccentColor;
				CODE_SIGN_STYLE = Automatic;
				CURRENT_PROJECT_VERSION = 1;
				GENERATE_INFOPLIST_FILE = YES;
				INFOPLIST_FILE = Onboarding/Info.plist;
				INFOPLIST_KEY_UIApplicationSupportsIndirectInputEvents = YES;
				INFOPLIST_KEY_UILaunchStoryboardName = LaunchScreen;
				INFOPLIST_KEY_UISupportedInterfaceOrientations_iPad = "UIInterfaceOrientationPortrait UIInterfaceOrientationPortraitUpsideDown UIInterfaceOrientationLandscapeLeft UIInterfaceOrientationLandscapeRight";
				INFOPLIST_KEY_UISupportedInterfaceOrientations_iPhone = "UIInterfaceOrientationPortrait UIInterfaceOrientationLandscapeLeft UIInterfaceOrientationLandscapeRight";
				LD_RUNPATH_SEARCH_PATHS = (
					"$(inherited)",
					"@executable_path/Frameworks",
				);
				MARKETING_VERSION = 1.0;
				PRODUCT_BUNDLE_IDENTIFIER = jesus.Onboarding;
				PRODUCT_NAME = "$(TARGET_NAME)";
				SWIFT_EMIT_LOC_STRINGS = YES;
				SWIFT_VERSION = 5.0;
				TARGETED_DEVICE_FAMILY = "1,2";
			};
			name = Release;
		};
		6DA530F4285D7BAE0068192A /* Debug */ = {
			isa = XCBuildConfiguration;
			buildSettings = {
				ALWAYS_EMBED_SWIFT_STANDARD_LIBRARIES = YES;
				BUNDLE_LOADER = "$(TEST_HOST)";
				CODE_SIGN_STYLE = Automatic;
				CURRENT_PROJECT_VERSION = 1;
				GENERATE_INFOPLIST_FILE = YES;
				IPHONEOS_DEPLOYMENT_TARGET = 15.5;
				MARKETING_VERSION = 1.0;
				PRODUCT_BUNDLE_IDENTIFIER = jesus.OnboardingTests;
				PRODUCT_NAME = "$(TARGET_NAME)";
				SWIFT_EMIT_LOC_STRINGS = NO;
				SWIFT_VERSION = 5.0;
				TARGETED_DEVICE_FAMILY = "1,2";
				TEST_HOST = "$(BUILT_PRODUCTS_DIR)/Onboarding.app/Onboarding";
			};
			name = Debug;
		};
		6DA530F5285D7BAE0068192A /* Release */ = {
			isa = XCBuildConfiguration;
			buildSettings = {
				ALWAYS_EMBED_SWIFT_STANDARD_LIBRARIES = YES;
				BUNDLE_LOADER = "$(TEST_HOST)";
				CODE_SIGN_STYLE = Automatic;
				CURRENT_PROJECT_VERSION = 1;
				GENERATE_INFOPLIST_FILE = YES;
				IPHONEOS_DEPLOYMENT_TARGET = 15.5;
				MARKETING_VERSION = 1.0;
				PRODUCT_BUNDLE_IDENTIFIER = jesus.OnboardingTests;
				PRODUCT_NAME = "$(TARGET_NAME)";
				SWIFT_EMIT_LOC_STRINGS = NO;
				SWIFT_VERSION = 5.0;
				TARGETED_DEVICE_FAMILY = "1,2";
				TEST_HOST = "$(BUILT_PRODUCTS_DIR)/Onboarding.app/Onboarding";
			};
			name = Release;
		};
		6DA530F7285D7BAE0068192A /* Debug */ = {
			isa = XCBuildConfiguration;
			buildSettings = {
				ALWAYS_EMBED_SWIFT_STANDARD_LIBRARIES = YES;
				CODE_SIGN_STYLE = Automatic;
				CURRENT_PROJECT_VERSION = 1;
				GENERATE_INFOPLIST_FILE = YES;
				MARKETING_VERSION = 1.0;
				PRODUCT_BUNDLE_IDENTIFIER = jesus.OnboardingUITests;
				PRODUCT_NAME = "$(TARGET_NAME)";
				SWIFT_EMIT_LOC_STRINGS = NO;
				SWIFT_VERSION = 5.0;
				TARGETED_DEVICE_FAMILY = "1,2";
				TEST_TARGET_NAME = Onboarding;
			};
			name = Debug;
		};
		6DA530F8285D7BAE0068192A /* Release */ = {
			isa = XCBuildConfiguration;
			buildSettings = {
				ALWAYS_EMBED_SWIFT_STANDARD_LIBRARIES = YES;
				CODE_SIGN_STYLE = Automatic;
				CURRENT_PROJECT_VERSION = 1;
				GENERATE_INFOPLIST_FILE = YES;
				MARKETING_VERSION = 1.0;
				PRODUCT_BUNDLE_IDENTIFIER = jesus.OnboardingUITests;
				PRODUCT_NAME = "$(TARGET_NAME)";
				SWIFT_EMIT_LOC_STRINGS = NO;
				SWIFT_VERSION = 5.0;
				TARGETED_DEVICE_FAMILY = "1,2";
				TEST_TARGET_NAME = Onboarding;
			};
			name = Release;
		};
/* End XCBuildConfiguration section */

/* Begin XCConfigurationList section */
		6DA530BE285D7BAD0068192A /* Build configuration list for PBXProject "Onboarding" */ = {
			isa = XCConfigurationList;
			buildConfigurations = (
				6DA530EE285D7BAE0068192A /* Debug */,
				6DA530EF285D7BAE0068192A /* Release */,
			);
			defaultConfigurationIsVisible = 0;
			defaultConfigurationName = Release;
		};
		6DA530F0285D7BAE0068192A /* Build configuration list for PBXNativeTarget "Onboarding" */ = {
			isa = XCConfigurationList;
			buildConfigurations = (
				6DA530F1285D7BAE0068192A /* Debug */,
				6DA530F2285D7BAE0068192A /* Release */,
			);
			defaultConfigurationIsVisible = 0;
			defaultConfigurationName = Release;
		};
		6DA530F3285D7BAE0068192A /* Build configuration list for PBXNativeTarget "OnboardingTests" */ = {
			isa = XCConfigurationList;
			buildConfigurations = (
				6DA530F4285D7BAE0068192A /* Debug */,
				6DA530F5285D7BAE0068192A /* Release */,
			);
			defaultConfigurationIsVisible = 0;
			defaultConfigurationName = Release;
		};
		6DA530F6285D7BAE0068192A /* Build configuration list for PBXNativeTarget "OnboardingUITests" */ = {
			isa = XCConfigurationList;
			buildConfigurations = (
				6DA530F7285D7BAE0068192A /* Debug */,
				6DA530F8285D7BAE0068192A /* Release */,
			);
			defaultConfigurationIsVisible = 0;
			defaultConfigurationName = Release;
		};
/* End XCConfigurationList section */

/* Begin XCVersionGroup section */
		6DA530CF285D7BAD0068192A /* Onboarding.xcdatamodeld */ = {
			isa = XCVersionGroup;
			children = (
				6DA530D0285D7BAD0068192A /* Onboarding.xcdatamodel */,
			);
			currentVersion = 6DA530D0285D7BAD0068192A /* Onboarding.xcdatamodel */;
			path = Onboarding.xcdatamodeld;
			sourceTree = "<group>";
			versionGroupType = wrapper.xcdatamodel;
		};
/* End XCVersionGroup section */
	};
	rootObject = 6DA530BB285D7BAD0068192A /* Project object */;
}
